
Microsoft Visual Studio Solution File, Format Version 12.00
# Visual Studio Version 16
VisualStudioVersion = 16.0.31911.196
MinimumVisualStudioVersion = 10.0.40219.1
Project("{FAE04EC0-301F-11D3-BF4B-00C04F79EFBC}") = "MonthlyProjectCodeFirst", "MonthlyProjectCodeFirst\MonthlyProjectCodeFirst.csproj", "{3588F211-4AA4-472E-A16E-A3339DCB2485}"
EndProject
Global
	GlobalSection(SolutionConfigurationPlatforms) = preSolution
		Debug|Any CPU = Debug|Any CPU
		Release|Any CPU = Release|Any CPU
	EndGlobalSection
	GlobalSection(ProjectConfigurationPlatforms) = postSolution
		{3588F211-4AA4-472E-A16E-A3339DCB2485}.Debug|Any CPU.ActiveCfg = Debug|Any CPU
		{3588F211-4AA4-472E-A16E-A3339DCB2485}.Debug|Any CPU.Build.0 = Debug|Any CPU
		{3588F211-4AA4-472E-A16E-A3339DCB2485}.Release|Any CPU.ActiveCfg = Release|Any CPU
		{3588F211-4AA4-472E-A16E-A3339DCB2485}.Release|Any CPU.Build.0 = Release|Any CPU
	EndGlobalSection
	GlobalSection(SolutionProperties) = preSolution
		HideSolutionNode = FALSE
	EndGlobalSection
	GlobalSection(ExtensibilityGlobals) = postSolution
		SolutionGuid = {BCCBF5F7-6C97-489E-B3B9-2556796BE3CC}
	EndGlobalSection
EndGlobal
